
Microsoft Visual Studio Solution File, Format Version 12.00
# Visual Studio 2013
VisualStudioVersion = 12.0.30723.0
MinimumVisualStudioVersion = 10.0.40219.1
Project("{FAE04EC0-301F-11D3-BF4B-00C04F79EFBC}") = "Calendar", "Calendar.csproj", "{9262EC48-A2FE-4D46-8B9C-BD842344CDDB}"
EndProject
Global
	GlobalSection(SolutionConfigurationPlatforms) = preSolution
		Debug|Any CPU = Debug|Any CPU
		Release|Any CPU = Release|Any CPU
	EndGlobalSection
	GlobalSection(ProjectConfigurationPlatforms) = postSolution
		{9262EC48-A2FE-4D46-8B9C-BD842344CDDB}.Debug|Any CPU.ActiveCfg = Debug|Any CPU
		{9262EC48-A2FE-4D46-8B9C-BD842344CDDB}.Debug|Any CPU.Build.0 = Debug|Any CPU
		{9262EC48-A2FE-4D46-8B9C-BD842344CDDB}.Release|Any CPU.ActiveCfg = Release|Any CPU
		{9262EC48-A2FE-4D46-8B9C-BD842344CDDB}.Release|Any CPU.Build.0 = Release|Any CPU
	EndGlobalSection
	GlobalSection(SolutionProperties) = preSolution
		HideSolutionNode = FALSE
	EndGlobalSection
EndGlobal
